// !$*UTF8*$!
{
	archiveVersion = 1;
	classes = {
	};
	objectVersion = 50;
	objects = {

/* Begin PBXBuildFile section */
		ED4BA8792364326300A6D4BF /* AppDelegate.swift in Sources */ = {isa = PBXBuildFile; fileRef = ED4BA8782364326300A6D4BF /* AppDelegate.swift */; };
		ED4BA87B2364326300A6D4BF /* SceneDelegate.swift in Sources */ = {isa = PBXBuildFile; fileRef = ED4BA87A2364326300A6D4BF /* SceneDelegate.swift */; };
		ED4BA87D2364326300A6D4BF /* ViewController.swift in Sources */ = {isa = PBXBuildFile; fileRef = ED4BA87C2364326300A6D4BF /* ViewController.swift */; };
		ED4BA8802364326300A6D4BF /* Main.storyboard in Resources */ = {isa = PBXBuildFile; fileRef = ED4BA87E2364326300A6D4BF /* Main.storyboard */; };
		ED4BA8822364326600A6D4BF /* Assets.xcassets in Resources */ = {isa = PBXBuildFile; fileRef = ED4BA8812364326600A6D4BF /* Assets.xcassets */; };
		ED4BA8852364326600A6D4BF /* LaunchScreen.storyboard in Resources */ = {isa = PBXBuildFile; fileRef = ED4BA8832364326600A6D4BF /* LaunchScreen.storyboard */; };
/* End PBXBuildFile section */

/* Begin PBXFileReference section */
		ED4BA8752364326300A6D4BF /* Arcana.app */ = {isa = PBXFileReference; explicitFileType = wrapper.application; includeInIndex = 0; path = Arcana.app; sourceTree = BUILT_PRODUCTS_DIR; };
		ED4BA8782364326300A6D4BF /* AppDelegate.swift */ = {isa = PBXFileReference; lastKnownFileType = sourcecode.swift; path = AppDelegate.swift; sourceTree = "<group>"; };
		ED4BA87A2364326300A6D4BF /* SceneDelegate.swift */ = {isa = PBXFileReference; lastKnownFileType = sourcecode.swift; path = SceneDelegate.swift; sourceTree = "<group>"; };
		ED4BA87C2364326300A6D4BF /* ViewController.swift */ = {isa = PBXFileReference; lastKnownFileType = sourcecode.swift; path = ViewController.swift; sourceTree = "<group>"; };
		ED4BA87F2364326300A6D4BF /* Base */ = {isa = PBXFileReference; lastKnownFileType = file.storyboard; name = Base; path = Base.lproj/Main.storyboard; sourceTree = "<group>"; };
		ED4BA8812364326600A6D4BF /* Assets.xcassets */ = {isa = PBXFileReference; lastKnownFileType = folder.assetcatalog; path = Assets.xcassets; sourceTree = "<group>"; };
		ED4BA8842364326600A6D4BF /* Base */ = {isa = PBXFileReference; lastKnownFileType = file.storyboard; name = Base; path = Base.lproj/LaunchScreen.storyboard; sourceTree = "<group>"; };
		ED4BA8862364326600A6D4BF /* Info.plist */ = {isa = PBXFileReference; lastKnownFileType = text.plist.xml; path = Info.plist; sourceTree = "<group>"; };
/* End PBXFileReference section */

/* Begin PBXFrameworksBuildPhase section */
		ED4BA8722364326300A6D4BF /* Frameworks */ = {
			isa = PBXFrameworksBuildPhase;
			buildActionMask = 2147483647;
			files = (
			);
			runOnlyForDeploymentPostprocessing = 0;
		};
/* End PBXFrameworksBuildPhase section */

/* Begin PBXGroup section */
		ED4BA86C2364326300A6D4BF = {
			isa = PBXGroup;
			children = (
				ED4BA8772364326300A6D4BF /* Arcana */,
				ED4BA8762364326300A6D4BF /* Products */,
			);
			sourceTree = "<group>";
		};
		ED4BA8762364326300A6D4BF /* Products */ = {
			isa = PBXGroup;
			children = (
				ED4BA8752364326300A6D4BF /* Arcana.app */,
			);
			name = Products;
			sourceTree = "<group>";
		};
		ED4BA8772364326300A6D4BF /* Arcana */ = {
			isa = PBXGroup;
			children = (
				ED4BA8782364326300A6D4BF /* AppDelegate.swift */,
				ED4BA87A2364326300A6D4BF /* SceneDelegate.swift */,
				ED4BA87C2364326300A6D4BF /* ViewController.swift */,
				ED4BA87E2364326300A6D4BF /* Main.storyboard */,
				ED4BA8812364326600A6D4BF /* Assets.xcassets */,
				ED4BA8832364326600A6D4BF /* LaunchScreen.storyboard */,
				ED4BA8862364326600A6D4BF /* Info.plist */,
			);
			path = Arcana;
			sourceTree = "<group>";
		};
/* End PBXGroup section */

/* Begin PBXNativeTarget section */
		ED4BA8742364326300A6D4BF /* Arcana */ = {
			isa = PBXNativeTarget;
			buildConfigurationList = ED4BA8892364326600A6D4BF /* Build configuration list for PBXNativeTarget "Arcana" */;
			buildPhases = (
				ED4BA8712364326300A6D4BF /* Sources */,
				ED4BA8722364326300A6D4BF /* Frameworks */,
				ED4BA8732364326300A6D4BF /* Resources */,
			);
			buildRules = (
			);
			dependencies = (
			);
			name = Arcana;
			productName = Arcana;
			productReference = ED4BA8752364326300A6D4BF /* Arcana.app */;
			productType = "com.apple.product-type.application";
		};
/* End PBXNativeTarget section */

/* Begin PBXProject section */
		ED4BA86D2364326300A6D4BF /* Project object */ = {
			isa = PBXProject;
			attributes = {
				LastSwiftUpdateCheck = 1110;
				LastUpgradeCheck = 1110;
				ORGANIZATIONNAME = AppCraft;
				TargetAttributes = {
					ED4BA8742364326300A6D4BF = {
						CreatedOnToolsVersion = 11.1;
					};
				};
			};
			buildConfigurationList = ED4BA8702364326300A6D4BF /* Build configuration list for PBXProject "Arcana" */;
			compatibilityVersion = "Xcode 9.3";
			developmentRegion = en;
			hasScannedForEncodings = 0;
			knownRegions = (
				en,
				Base,
			);
			mainGroup = ED4BA86C2364326300A6D4BF;
			productRefGroup = ED4BA8762364326300A6D4BF /* Products */;
			projectDirPath = "";
			projectRoot = "";
			targets = (
				ED4BA8742364326300A6D4BF /* Arcana */,
			);
		};
/* End PBXProject section */

/* Begin PBXResourcesBuildPhase section */
		ED4BA8732364326300A6D4BF /* Resources */ = {
			isa = PBXResourcesBuildPhase;
			buildActionMask = 2147483647;
			files = (
				ED4BA8852364326600A6D4BF /* LaunchScreen.storyboard in Resources */,
				ED4BA8822364326600A6D4BF /* Assets.xcassets in Resources */,
				ED4BA8802364326300A6D4BF /* Main.storyboard in Resources */,
			);
			runOnlyForDeploymentPostprocessing = 0;
		};
/* End PBXResourcesBuildPhase section */

/* Begin PBXSourcesBuildPhase section */
		ED4BA8712364326300A6D4BF /* Sources */ = {
			isa = PBXSourcesBuildPhase;
			buildActionMask = 2147483647;
			files = (
				ED4BA87D2364326300A6D4BF /* ViewController.swift in Sources */,
				ED4BA8792364326300A6D4BF /* AppDelegate.swift in Sources */,
				ED4BA87B2364326300A6D4BF /* SceneDelegate.swift in Sources */,
			);
			runOnlyForDeploymentPostprocessing = 0;
		};
/* End PBXSourcesBuildPhase section */

/* Begin PBXVariantGroup section */
		ED4BA87E2364326300A6D4BF /* Main.storyboard */ = {
			isa = PBXVariantGroup;
			children = (
				ED4BA87F2364326300A6D4BF /* Base */,
			);
			name = Main.storyboard;
			sourceTree = "<group>";
		};
		ED4BA8832364326600A6D4BF /* LaunchScreen.storyboard */ = {
			isa = PBXVariantGroup;
			children = (
				ED4BA8842364326600A6D4BF /* Base */,
			);
			name = LaunchScreen.storyboard;
			sourceTree = "<group>";
		};
/* End PBXVariantGroup section */

/* Begin XCBuildConfiguration section */
		ED4BA8872364326600A6D4BF /* Debug */ = {
			isa = XCBuildConfiguration;
			buildSettings = {
				ALWAYS_SEARCH_USER_PATHS = NO;
				CLANG_ANALYZER_NONNULL = YES;
				CLANG_ANALYZER_NUMBER_OBJECT_CONVERSION = YES_AGGRESSIVE;
				CLANG_CXX_LANGUAGE_STANDARD = "gnu++14";
				CLANG_CXX_LIBRARY = "libc++";
				CLANG_ENABLE_MODULES = YES;
				CLANG_ENABLE_OBJC_ARC = YES;
				CLANG_ENABLE_OBJC_WEAK = YES;
				CLANG_WARN_BLOCK_CAPTURE_AUTORELEASING = YES;
				CLANG_WARN_BOOL_CONVERSION = YES;
				CLANG_WARN_COMMA = YES;
				CLANG_WARN_CONSTANT_CONVERSION = YES;
				CLANG_WARN_DEPRECATED_OBJC_IMPLEMENTATIONS = YES;
				CLANG_WARN_DIRECT_OBJC_ISA_USAGE = YES_ERROR;
				CLANG_WARN_DOCUMENTATION_COMMENTS = YES;
				CLANG_WARN_EMPTY_BODY = YES;
				CLANG_WARN_ENUM_CONVERSION = YES;
				CLANG_WARN_INFINITE_RECURSION = YES;
				CLANG_WARN_INT_CONVERSION = YES;
				CLANG_WARN_NON_LITERAL_NULL_CONVERSION = YES;
				CLANG_WARN_OBJC_IMPLICIT_RETAIN_SELF = YES;
				CLANG_WARN_OBJC_LITERAL_CONVERSION = YES;
				CLANG_WARN_OBJC_ROOT_CLASS = YES_ERROR;
				CLANG_WARN_RANGE_LOOP_ANALYSIS = YES;
				CLANG_WARN_STRICT_PROTOTYPES = YES;
				CLANG_WARN_SUSPICIOUS_MOVE = YES;
				CLANG_WARN_UNGUARDED_AVAILABILITY = YES_AGGRESSIVE;
				CLANG_WARN_UNREACHABLE_CODE = YES;
				CLANG_WARN__DUPLICATE_METHOD_MATCH = YES;
				COPY_PHASE_STRIP = NO;
				DEBUG_INFORMATION_FORMAT = dwarf;
				ENABLE_STRICT_OBJC_MSGSEND = YES;
				ENABLE_TESTABILITY = YES;
				GCC_C_LANGUAGE_STANDARD = gnu11;
				GCC_DYNAMIC_NO_PIC = NO;
				GCC_NO_COMMON_BLOCKS = YES;
				GCC_OPTIMIZATION_LEVEL = 0;
				GCC_PREPROCESSOR_DEFINITIONS = (
					"DEBUG=1",
					"$(inherited)",
				);
				GCC_WARN_64_TO_32_BIT_CONVERSION = YES;
				GCC_WARN_ABOUT_RETURN_TYPE = YES_ERROR;
				GCC_WARN_UNDECLARED_SELECTOR = YES;
				GCC_WARN_UNINITIALIZED_AUTOS = YES_AGGRESSIVE;
				GCC_WARN_UNUSED_FUNCTION = YES;
				GCC_WARN_UNUSED_VARIABLE = YES;
				IPHONEOS_DEPLOYMENT_TARGET = 13.1;
				MTL_ENABLE_DEBUG_INFO = INCLUDE_SOURCE;
				MTL_FAST_MATH = YES;
				ONLY_ACTIVE_ARCH = YES;
				SDKROOT = iphoneos;
				SWIFT_ACTIVE_COMPILATION_CONDITIONS = DEBUG;
				SWIFT_OPTIMIZATION_LEVEL = "-Onone";
			};
			name = Debug;
		};
		ED4BA8882364326600A6D4BF /* Release */ = {
			isa = XCBuildConfiguration;
			buildSettings = {
				ALWAYS_SEARCH_USER_PATHS = NO;
				CLANG_ANALYZER_NONNULL = YES;
				CLANG_ANALYZER_NUMBER_OBJECT_CONVERSION = YES_AGGRESSIVE;
				CLANG_CXX_LANGUAGE_STANDARD = "gnu++14";
				CLANG_CXX_LIBRARY = "libc++";
				CLANG_ENABLE_MODULES = YES;
				CLANG_ENABLE_OBJC_ARC = YES;
				CLANG_ENABLE_OBJC_WEAK = YES;
				CLANG_WARN_BLOCK_CAPTURE_AUTORELEASING = YES;
				CLANG_WARN_BOOL_CONVERSION = YES;
				CLANG_WARN_COMMA = YES;
				CLANG_WARN_CONSTANT_CONVERSION = YES;
				CLANG_WARN_DEPRECATED_OBJC_IMPLEMENTATIONS = YES;
				CLANG_WARN_DIRECT_OBJC_ISA_USAGE = YES_ERROR;
				CLANG_WARN_DOCUMENTATION_COMMENTS = YES;
				CLANG_WARN_EMPTY_BODY = YES;
				CLANG_WARN_ENUM_CONVERSION = YES;
				CLANG_WARN_INFINITE_RECURSION = YES;
				CLANG_WARN_INT_CONVERSION = YES;
				CLANG_WARN_NON_LITERAL_NULL_CONVERSION = YES;
				CLANG_WARN_OBJC_IMPLICIT_RETAIN_SELF = YES;
				CLANG_WARN_OBJC_LITERAL_CONVERSION = YES;
				CLANG_WARN_OBJC_ROOT_CLASS = YES_ERROR;
				CLANG_WARN_RANGE_LOOP_ANALYSIS = YES;
				CLANG_WARN_STRICT_PROTOTYPES = YES;
				CLANG_WARN_SUSPICIOUS_MOVE = YES;
				CLANG_WARN_UNGUARDED_AVAILABILITY = YES_AGGRESSIVE;
				CLANG_WARN_UNREACHABLE_CODE = YES;
				CLANG_WARN__DUPLICATE_METHOD_MATCH = YES;
				COPY_PHASE_STRIP = NO;
				DEBUG_INFORMATION_FORMAT = "dwarf-with-dsym";
				ENABLE_NS_ASSERTIONS = NO;
				ENABLE_STRICT_OBJC_MSGSEND = YES;
				GCC_C_LANGUAGE_STANDARD = gnu11;
				GCC_NO_COMMON_BLOCKS = YES;
				GCC_WARN_64_TO_32_BIT_CONVERSION = YES;
				GCC_WARN_ABOUT_RETURN_TYPE = YES_ERROR;
				GCC_WARN_UNDECLARED_SELECTOR = YES;
				GCC_WARN_UNINITIALIZED_AUTOS = YES_AGGRESSIVE;
				GCC_WARN_UNUSED_FUNCTION = YES;
				GCC_WARN_UNUSED_VARIABLE = YES;
				IPHONEOS_DEPLOYMENT_TARGET = 13.1;
				MTL_ENABLE_DEBUG_INFO = NO;
				MTL_FAST_MATH = YES;
				SDKROOT = iphoneos;
				SWIFT_COMPILATION_MODE = wholemodule;
				SWIFT_OPTIMIZATION_LEVEL = "-O";
				VALIDATE_PRODUCT = YES;
			};
			name = Release;
		};
		ED4BA88A2364326600A6D4BF /* Debug */ = {
			isa = XCBuildConfiguration;
			buildSettings = {
				ASSETCATALOG_COMPILER_APPICON_NAME = AppIcon;
				CODE_SIGN_STYLE = Automatic;
				DEVELOPMENT_TEAM = 7PN6PXP9S4;
				INFOPLIST_FILE = Arcana/Info.plist;
				LD_RUNPATH_SEARCH_PATHS = (
					"$(inherited)",
					"@executable_path/Frameworks",
				);
				PRODUCT_BUNDLE_IDENTIFIER = appcraft.Arcana;
				PRODUCT_NAME = "$(TARGET_NAME)";
				SWIFT_VERSION = 5.0;
				TARGETED_DEVICE_FAMILY = "1,2";
			};
			name = Debug;
		};
		ED4BA88B2364326600A6D4BF /* Release */ = {
			isa = XCBuildConfiguration;
			buildSettings = {
				ASSETCATALOG_COMPILER_APPICON_NAME = AppIcon;
				CODE_SIGN_STYLE = Automatic;
				DEVELOPMENT_TEAM = 7PN6PXP9S4;
				INFOPLIST_FILE = Arcana/Info.plist;
				LD_RUNPATH_SEARCH_PATHS = (
					"$(inherited)",
					"@executable_path/Frameworks",
				);
				PRODUCT_BUNDLE_IDENTIFIER = appcraft.Arcana;
				PRODUCT_NAME = "$(TARGET_NAME)";
				SWIFT_VERSION = 5.0;
				TARGETED_DEVICE_FAMILY = "1,2";
			};
			name = Release;
		};
/* End XCBuildConfiguration section */

/* Begin XCConfigurationList section */
		ED4BA8702364326300A6D4BF /* Build configuration list for PBXProject "Arcana" */ = {
			isa = XCConfigurationList;
			buildConfigurations = (
				ED4BA8872364326600A6D4BF /* Debug */,
				ED4BA8882364326600A6D4BF /* Release */,
			);
			defaultConfigurationIsVisible = 0;
			defaultConfigurationName = Release;
		};
		ED4BA8892364326600A6D4BF /* Build configuration list for PBXNativeTarget "Arcana" */ = {
			isa = XCConfigurationList;
			buildConfigurations = (
				ED4BA88A2364326600A6D4BF /* Debug */,
				ED4BA88B2364326600A6D4BF /* Release */,
			);
			defaultConfigurationIsVisible = 0;
			defaultConfigurationName = Release;
		};
/* End XCConfigurationList section */
	};
	rootObject = ED4BA86D2364326300A6D4BF /* Project object */;
}
